<?xml version="1.0" encoding="utf-8"?>
<Project ToolsVersion="4.0" xmlns="http://schemas.microsoft.com/developer/msbuild/2003">
  <ItemGroup>
    <Filter Include="Internal">
      <UniqueIdentifier>{524361f0-2b87-4080-af0f-2d8a9dee981a}</UniqueIdentifier>
    </Filter>
    <Filter Include="External">
      <UniqueIdentifier>{c5157533-2b5a-4aea-85df-60d41372194e}</UniqueIdentifier>
    </Filter>
    <Filter Include="Internal\Frames">
      <UniqueIdentifier>{213a7847-bf0b-411a-b488-a40b296fda0d}</UniqueIdentifier>
    </Filter>
    <Filter Include="External\Frames">
      <UniqueIdentifier>{60330a34-fc2c-4631-8126-e90475c29b75}</UniqueIdentifier>
    </Filter>
    <Filter Include="Internal\DirectXMath">
      <UniqueIdentifier>{0c8e083e-b5e5-431e-87e4-aec5580328dc}</UniqueIdentifier>
    </Filter>
    <Filter Include="Internal\DirectXMath\SHMath">
      <UniqueIdentifier>{4a8ed768-ee43-4c92-9200-03d779389911}</UniqueIdentifier>
    </Filter>
    <Filter Include="Internal\DirectXMath\Stereo3D">
      <UniqueIdentifier>{ec39eaff-ff33-4808-a54e-1548ccc4f3cb}</UniqueIdentifier>
    </Filter>
    <Filter Include="External\Error">
      <UniqueIdentifier>{f2cecdf0-ece2-4b70-9788-0d141470d9e8}</UniqueIdentifier>
    </Filter>
    <Filter Include="Internal\Error">
      <UniqueIdentifier>{049f2279-7a22-456d-8186-2af78f108fcc}</UniqueIdentifier>
    </Filter>
    <Filter Include="Internal\DirectXMath\Extensions">
      <UniqueIdentifier>{74195bdb-509e-4d9e-95c7-04778afc5fdf}</UniqueIdentifier>
    </Filter>
    <Filter Include="Internal\DirectXMath\Inc">
      <UniqueIdentifier>{60a6be4f-ea25-4b99-83e3-c7f607770e6d}</UniqueIdentifier>
    </Filter>
    <Filter Include="Internal\DirectXMath\MatrixStack">
      <UniqueIdentifier>{0f5ff360-ddd5-4205-944b-67b6a6ca1d21}</UniqueIdentifier>
    </Filter>
    <Filter Include="Internal\DirectXMath\XDSP">
      <UniqueIdentifier>{ff8297c6-7a00-456a-bcf6-6b36934469a8}</UniqueIdentifier>
    </Filter>
    <Filter Include="Internal\EASTL">
      <UniqueIdentifier>{8704f815-14a3-4f9e-8f1c-7d7e2548fc86}</UniqueIdentifier>
    </Filter>
    <Filter Include="Internal\EASTL\source">
      <UniqueIdentifier>{b5f72da4-cfdb-4390-a02a-06c59448c5be}</UniqueIdentifier>
    </Filter>
  </ItemGroup>
  <ItemGroup>
    <ClCompile Include="Frames\Frames.cpp">
      <Filter>Internal\Frames</Filter>
    </ClCompile>
    <ClCompile Include="DirectXMath\SHMath\DirectXSH.cpp">
      <Filter>Internal\DirectXMath\SHMath</Filter>
    </ClCompile>
    <ClCompile Include="DirectXMath\SHMath\DirectXSHD3D12.cpp">
      <Filter>Internal\DirectXMath\SHMath</Filter>
    </ClCompile>
    <ClCompile Include="DirectXMath\Stereo3D\Stereo3DMatrixHelper.cpp">
      <Filter>Internal\DirectXMath\Stereo3D</Filter>
    </ClCompile>
    <ClCompile Include="Error\Error.cpp">
      <Filter>Internal\Error</Filter>
    </ClCompile>
    <ClCompile Include="EASTL\source\allocator_eastl.cpp">
      <Filter>Internal\EASTL\source</Filter>
    </ClCompile>
    <ClCompile Include="EASTL\source\assert.cpp">
      <Filter>Internal\EASTL\source</Filter>
    </ClCompile>
    <ClCompile Include="EASTL\source\atomic.cpp">
      <Filter>Internal\EASTL\source</Filter>
    </ClCompile>
    <ClCompile Include="EASTL\source\fixed_pool.cpp">
      <Filter>Internal\EASTL\source</Filter>
    </ClCompile>
    <ClCompile Include="EASTL\source\hashtable.cpp">
      <Filter>Internal\EASTL\source</Filter>
    </ClCompile>
    <ClCompile Include="EASTL\source\intrusive_list.cpp">
      <Filter>Internal\EASTL\source</Filter>
    </ClCompile>
    <ClCompile Include="EASTL\source\numeric_limits.cpp">
      <Filter>Internal\EASTL\source</Filter>
    </ClCompile>
    <ClCompile Include="EASTL\source\red_black_tree.cpp">
      <Filter>Internal\EASTL\source</Filter>
    </ClCompile>
    <ClCompile Include="EASTL\source\string.cpp">
      <Filter>Internal\EASTL\source</Filter>
    </ClCompile>
    <ClCompile Include="EASTL\source\thread_support.cpp">
      <Filter>Internal\EASTL\source</Filter>
    </ClCompile>
  </ItemGroup>
  <ItemGroup>
    <ClInclude Include="..\JBFrameworkInclude\Frames\Frames.h">
      <Filter>External\Frames</Filter>
    </ClInclude>
    <ClInclude Include="..\JBFrameworkInclude\Error\Error.h">
      <Filter>External\Error</Filter>
    </ClInclude>
    <ClInclude Include="DirectXMath\Extensions\DirectXMathAVX.h">
      <Filter>Internal\DirectXMath\Extensions</Filter>
    </ClInclude>
    <ClInclude Include="DirectXMath\Extensions\DirectXMathAVX2.h">
      <Filter>Internal\DirectXMath\Extensions</Filter>
    </ClInclude>
    <ClInclude Include="DirectXMath\Extensions\DirectXMathBE.h">
      <Filter>Internal\DirectXMath\Extensions</Filter>
    </ClInclude>
    <ClInclude Include="DirectXMath\Extensions\DirectXMathF16C.h">
      <Filter>Internal\DirectXMath\Extensions</Filter>
    </ClInclude>
    <ClInclude Include="DirectXMath\Extensions\DirectXMathFMA3.h">
      <Filter>Internal\DirectXMath\Extensions</Filter>
    </ClInclude>
    <ClInclude Include="DirectXMath\Extensions\DirectXMathFMA4.h">
      <Filter>Internal\DirectXMath\Extensions</Filter>
    </ClInclude>
    <ClInclude Include="DirectXMath\Extensions\DirectXMathSSE3.h">
      <Filter>Internal\DirectXMath\Extensions</Filter>
    </ClInclude>
    <ClInclude Include="DirectXMath\Extensions\DirectXMathSSE4.h">
      <Filter>Internal\DirectXMath\Extensions</Filter>
    </ClInclude>
    <ClInclude Include="DirectXMath\Inc\DirectXColors.h">
      <Filter>Internal\DirectXMath\Inc</Filter>
    </ClInclude>
    <ClInclude Include="DirectXMath\Inc\DirectXMath.h">
      <Filter>Internal\DirectXMath\Inc</Filter>
    </ClInclude>
    <ClInclude Include="DirectXMath\Inc\DirectXPackedVector.h">
      <Filter>Internal\DirectXMath\Inc</Filter>
    </ClInclude>
    <ClInclude Include="DirectXMath\Inc\DirectXCollision.h">
      <Filter>Internal\DirectXMath\Inc</Filter>
    </ClInclude>
    <ClInclude Include="DirectXMath\MatrixStack\DirectXMatrixStack.h">
      <Filter>Internal\DirectXMath\MatrixStack</Filter>
    </ClInclude>
    <ClInclude Include="DirectXMath\SHMath\DirectXSH.h">
      <Filter>Internal\DirectXMath\SHMath</Filter>
    </ClInclude>
    <ClInclude Include="DirectXMath\Stereo3D\Stereo3DMatrixHelper.h">
      <Filter>Internal\DirectXMath\Stereo3D</Filter>
    </ClInclude>
    <ClInclude Include="DirectXMath\XDSP\XDSP.h">
      <Filter>Internal\DirectXMath\XDSP</Filter>
    </ClInclude>
  </ItemGroup>
  <ItemGroup>
    <None Include="DirectXMath\Inc\DirectXCollision.inl">
      <Filter>Internal\DirectXMath\Inc</Filter>
    </None>
    <None Include="DirectXMath\Inc\DirectXMathConvert.inl">
      <Filter>Internal\DirectXMath\Inc</Filter>
    </None>
    <None Include="DirectXMath\Inc\DirectXMathMatrix.inl">
      <Filter>Internal\DirectXMath\Inc</Filter>
    </None>
    <None Include="DirectXMath\Inc\DirectXMathMisc.inl">
      <Filter>Internal\DirectXMath\Inc</Filter>
    </None>
    <None Include="DirectXMath\Inc\DirectXMathVector.inl">
      <Filter>Internal\DirectXMath\Inc</Filter>
    </None>
    <None Include="DirectXMath\Inc\DirectXPackedVector.inl">
      <Filter>Internal\DirectXMath\Inc</Filter>
    </None>
  </ItemGroup>
</Project>